
Microsoft Visual Studio Solution File, Format Version 12.00
# Visual Studio Version 16
VisualStudioVersion = 16.0.30406.217
MinimumVisualStudioVersion = 10.0.40219.1
Project("{FAE04EC0-301F-11D3-BF4B-00C04F79EFBC}") = "DolphinFacebook", "DolphinFacebook\DolphinFacebook.csproj", "{497DD4BA-849F-4B77-A2B7-0C23FD632739}"
EndProject
Global
	GlobalSection(SolutionConfigurationPlatforms) = preSolution
		Debug|Any CPU = Debug|Any CPU
		Release|Any CPU = Release|Any CPU
	EndGlobalSection
	GlobalSection(ProjectConfigurationPlatforms) = postSolution
		{497DD4BA-849F-4B77-A2B7-0C23FD632739}.Debug|Any CPU.ActiveCfg = Debug|Any CPU
		{497DD4BA-849F-4B77-A2B7-0C23FD632739}.Debug|Any CPU.Build.0 = Debug|Any CPU
		{497DD4BA-849F-4B77-A2B7-0C23FD632739}.Release|Any CPU.ActiveCfg = Release|Any CPU
		{497DD4BA-849F-4B77-A2B7-0C23FD632739}.Release|Any CPU.Build.0 = Release|Any CPU
	EndGlobalSection
	GlobalSection(SolutionProperties) = preSolution
		HideSolutionNode = FALSE
	EndGlobalSection
	GlobalSection(ExtensibilityGlobals) = postSolution
		SolutionGuid = {C232EEAE-9523-444B-8325-7D53C2CB714B}
	EndGlobalSection
EndGlobal
